{
  "name": "shashwat-currency-convertor29",
  "version": "1.0.0",
  "lockfileVersion": 3,
  "requires": true,
  "packages": {
    "": {
      "name": "shashwat-currency-convertor29",
      "version": "1.0.0",
      "license": "ISC",
      "dependencies": {
        "@everapi/freecurrencyapi-js": "^1.0.1",
        "shashwat-currency-convertor29": "^1.0.0"
      }
    },
    "node_modules/@everapi/freecurrencyapi-js": {
      "version": "1.0.1",
      "resolved": "https://registry.npmjs.org/@everapi/freecurrencyapi-js/-/freecurrencyapi-js-1.0.1.tgz",
      "integrity": "sha512-GusI6Fdu4gEZhEyOOZKf9KOnSp3Atb3zLUQIp0X569LphBEv0IrZF2CALmbTmut4DacqqlP2zOpeS96bkAt2yQ=="
    },
    "node_modules/shashwat-currency-convertor29": {
      "version": "1.0.0",
      "resolved": "https://registry.npmjs.org/shashwat-currency-convertor29/-/shashwat-currency-convertor29-1.0.0.tgz",
      "integrity": "sha512-ULn2DruvIs3OT74kO/wwxLk2/7SIzLWKGVz2BjP9an6ZRHXQqTz6jIw/Li2HJ16WZGELz1t3Y9d1Ln2kdLE4kQ==",
      "dependencies": {
        "@everapi/freecurrencyapi-js": "^1.0.1"
      }
    }
  }
}
